{
	"name": "@leek-cli-dev/package",
	"version": "1.0.2",
	"lockfileVersion": 1,
	"requires": true,
	"dependencies": {
		"@leek-cli-dev/format-path": {
			"version": "file:../../utils/format-path"
		},
		"@leek-cli-dev/utils": {
			"version": "file:../../utils/utils"
		},
		"find-up": {
			"version": "5.0.0",
			"resolved": "https://registry.npmmirror.com/find-up/download/find-up-5.0.0.tgz?cache=0&sync_timestamp=1633619060464&other_urls=https%3A%2F%2Fregistry.npmmirror.com%2Ffind-up%2Fdownload%2Ffind-up-5.0.0.tgz",
			"integrity": "sha1-TJKBnstwg1YeT0okCoa+UZj1Nvw=",
			"requires": {
				"locate-path": "^6.0.0",
				"path-exists": "^4.0.0"
			}
		},
		"locate-path": {
			"version": "6.0.0",
			"resolved": "https://registry.npmmirror.com/locate-path/download/locate-path-6.0.0.tgz",
			"integrity": "sha1-VTIeswn+u8WcSAHZMackUqaB0oY=",
			"requires": {
				"p-locate": "^5.0.0"
			}
		},
		"p-limit": {
			"version": "3.1.0",
			"resolved": "https://registry.npmmirror.com/p-limit/download/p-limit-3.1.0.tgz",
			"integrity": "sha1-4drMvnjQ0TiMoYxk/qOOPlfjcGs=",
			"requires": {
				"yocto-queue": "^0.1.0"
			}
		},
		"p-locate": {
			"version": "5.0.0",
			"resolved": "https://registry.npmmirror.com/p-locate/download/p-locate-5.0.0.tgz",
			"integrity": "sha1-g8gxXGeFAF470CGDlBHJ4RDm2DQ=",
			"requires": {
				"p-limit": "^3.0.2"
			}
		},
		"path-exists": {
			"version": "4.0.0",
			"resolved": "https://registry.npmmirror.com/path-exists/download/path-exists-4.0.0.tgz",
			"integrity": "sha1-UTvb4tO5XXdi6METfvoZXGxhtbM="
		},
		"pkg-dir": {
			"version": "5.0.0",
			"resolved": "https://registry.npmmirror.com/pkg-dir/download/pkg-dir-5.0.0.tgz?cache=0&sync_timestamp=1633498184785&other_urls=https%3A%2F%2Fregistry.npmmirror.com%2Fpkg-dir%2Fdownload%2Fpkg-dir-5.0.0.tgz",
			"integrity": "sha1-oC1q6+a6EzqSj3Suwguv3+a452A=",
			"requires": {
				"find-up": "^5.0.0"
			}
		},
		"yocto-queue": {
			"version": "0.1.0",
			"resolved": "https://registry.npmmirror.com/yocto-queue/download/yocto-queue-0.1.0.tgz?cache=0&sync_timestamp=1632753523520&other_urls=https%3A%2F%2Fregistry.npmmirror.com%2Fyocto-queue%2Fdownload%2Fyocto-queue-0.1.0.tgz",
			"integrity": "sha1-ApTrPe4FAo0x7hpfosVWpqrxChs="
		}
	}
}
